// !$*UTF8*$!
{
	archiveVersion = 1;
	classes = {
	};
	objectVersion = 56;
	objects = {

/* Begin PBXBuildFile section */
		B404072E2BA89DFA002648EC /* APIClient.swift in Sources */ = {isa = PBXBuildFile; fileRef = B404072D2BA89DFA002648EC /* APIClient.swift */; };
		B40407302BA8A396002648EC /* RepositoryProtocol.swift in Sources */ = {isa = PBXBuildFile; fileRef = B404072F2BA8A396002648EC /* RepositoryProtocol.swift */; };
		B40407322BA8A403002648EC /* Repository.swift in Sources */ = {isa = PBXBuildFile; fileRef = B40407312BA8A403002648EC /* Repository.swift */; };
		B40407352BA8A528002648EC /* APIClientProtocol.swift in Sources */ = {isa = PBXBuildFile; fileRef = B40407342BA8A528002648EC /* APIClientProtocol.swift */; };
		B40407372BA8A598002648EC /* WebSocketManagerProtocol.swift in Sources */ = {isa = PBXBuildFile; fileRef = B40407362BA8A598002648EC /* WebSocketManagerProtocol.swift */; };
		B4112FB12BBF113900369C72 /* ProfileViewModel.swift in Sources */ = {isa = PBXBuildFile; fileRef = B4112FB02BBF113900369C72 /* ProfileViewModel.swift */; };
		B418B0B62BA34D9E00A2B4E7 /* WebSocketApp.swift in Sources */ = {isa = PBXBuildFile; fileRef = B418B0B52BA34D9E00A2B4E7 /* WebSocketApp.swift */; };
		B418B0B82BA34D9E00A2B4E7 /* WallView.swift in Sources */ = {isa = PBXBuildFile; fileRef = B418B0B72BA34D9E00A2B4E7 /* WallView.swift */; };
		B418B0BA2BA34D9F00A2B4E7 /* Assets.xcassets in Resources */ = {isa = PBXBuildFile; fileRef = B418B0B92BA34D9F00A2B4E7 /* Assets.xcassets */; };
		B418B0BD2BA34D9F00A2B4E7 /* Preview Assets.xcassets in Resources */ = {isa = PBXBuildFile; fileRef = B418B0BC2BA34D9F00A2B4E7 /* Preview Assets.xcassets */; };
		B418B0CA2BA35A7100A2B4E7 /* MessageInput.swift in Sources */ = {isa = PBXBuildFile; fileRef = B418B0C92BA35A7100A2B4E7 /* MessageInput.swift */; };
		B418B0CC2BA35CAF00A2B4E7 /* ImagePicker.swift in Sources */ = {isa = PBXBuildFile; fileRef = B418B0CB2BA35CAF00A2B4E7 /* ImagePicker.swift */; };
		B418B0CE2BA35D4700A2B4E7 /* MessageList.swift in Sources */ = {isa = PBXBuildFile; fileRef = B418B0CD2BA35D4600A2B4E7 /* MessageList.swift */; };
		B418B0D02BA35D7500A2B4E7 /* MessageRow.swift in Sources */ = {isa = PBXBuildFile; fileRef = B418B0CF2BA35D7500A2B4E7 /* MessageRow.swift */; };
		B418B0D62BA35DD100A2B4E7 /* Message.swift in Sources */ = {isa = PBXBuildFile; fileRef = B418B0D52BA35DD100A2B4E7 /* Message.swift */; };
		B418B0D92BA35E7500A2B4E7 /* Kingfisher in Frameworks */ = {isa = PBXBuildFile; productRef = B418B0D82BA35E7500A2B4E7 /* Kingfisher */; };
		B418B0DE2BA366C900A2B4E7 /* MessagesViewModelProtocol.swift in Sources */ = {isa = PBXBuildFile; fileRef = B418B0DD2BA366C900A2B4E7 /* MessagesViewModelProtocol.swift */; };
		B418B0E02BA3674500A2B4E7 /* DummyMessagesViewModel.swift in Sources */ = {isa = PBXBuildFile; fileRef = B418B0DF2BA3674500A2B4E7 /* DummyMessagesViewModel.swift */; };
		B418B0E22BA3691200A2B4E7 /* MessagesViewModelEnviromentKey.swift in Sources */ = {isa = PBXBuildFile; fileRef = B418B0E12BA3691200A2B4E7 /* MessagesViewModelEnviromentKey.swift */; };
		B418B0E52BA36E0700A2B4E7 /* Extension+Date.swift in Sources */ = {isa = PBXBuildFile; fileRef = B418B0E42BA36E0700A2B4E7 /* Extension+Date.swift */; };
		B42A49492BB897A800279E62 /* Buttons.swift in Sources */ = {isa = PBXBuildFile; fileRef = B42A49482BB897A800279E62 /* Buttons.swift */; };
		B42E104E2BA481FE007A9A98 /* VaporMessagesViewModel.swift in Sources */ = {isa = PBXBuildFile; fileRef = B42E104D2BA481FE007A9A98 /* VaporMessagesViewModel.swift */; };
		B42E10522BA4B203007A9A98 /* WebSocketManager.swift in Sources */ = {isa = PBXBuildFile; fileRef = B42E10512BA4B203007A9A98 /* WebSocketManager.swift */; };
		B444B86E2BA9F5190036D0DD /* SearchView.swift in Sources */ = {isa = PBXBuildFile; fileRef = B444B86D2BA9F5190036D0DD /* SearchView.swift */; };
		B44F332D2BA9EA5C0086F2C3 /* RouteView.swift in Sources */ = {isa = PBXBuildFile; fileRef = B44F332C2BA9EA5C0086F2C3 /* RouteView.swift */; };
		B44F332F2BA9EAF00086F2C3 /* TabsView.swift in Sources */ = {isa = PBXBuildFile; fileRef = B44F332E2BA9EAF00086F2C3 /* TabsView.swift */; };
		B44F33312BA9EB900086F2C3 /* RoutingStatus.swift in Sources */ = {isa = PBXBuildFile; fileRef = B44F33302BA9EB900086F2C3 /* RoutingStatus.swift */; };
		B44F33362BA9EC7D0086F2C3 /* RouteViewModel.swift in Sources */ = {isa = PBXBuildFile; fileRef = B44F33352BA9EC7D0086F2C3 /* RouteViewModel.swift */; };
		B44F333B2BA9F0CF0086F2C3 /* Extension+Color.swift in Sources */ = {isa = PBXBuildFile; fileRef = B44F333A2BA9F0CF0086F2C3 /* Extension+Color.swift */; };
		B44F333D2BA9F0E90086F2C3 /* Extension+Image.swift in Sources */ = {isa = PBXBuildFile; fileRef = B44F333C2BA9F0E90086F2C3 /* Extension+Image.swift */; };
		B44F333F2BA9F1130086F2C3 /* Localizable.strings in Resources */ = {isa = PBXBuildFile; fileRef = B44F333E2BA9F1130086F2C3 /* Localizable.strings */; };
		B44F33412BA9F2A20086F2C3 /* Colors.xcassets in Resources */ = {isa = PBXBuildFile; fileRef = B44F33402BA9F2A20086F2C3 /* Colors.xcassets */; };
		B48FA3C62BBA225B00DB0F44 /* Constants.swift in Sources */ = {isa = PBXBuildFile; fileRef = B48FA3C52BBA225B00DB0F44 /* Constants.swift */; };
		B4A2293B2BBDBB2100DC9C15 /* PhotoType.swift in Sources */ = {isa = PBXBuildFile; fileRef = B4A2293A2BBDBB2100DC9C15 /* PhotoType.swift */; };
		B4ABC6262BB9F7C4005A938F /* WallViewModel.swift in Sources */ = {isa = PBXBuildFile; fileRef = B4ABC6252BB9F7C4005A938F /* WallViewModel.swift */; };
		B4ABC62B2BBA0E81005A938F /* SplashView.swift in Sources */ = {isa = PBXBuildFile; fileRef = B4ABC62A2BBA0E81005A938F /* SplashView.swift */; };
		B4C5280A2BB6264C00D056F0 /* SearchViewModel.swift in Sources */ = {isa = PBXBuildFile; fileRef = B4C528092BB6264C00D056F0 /* SearchViewModel.swift */; };
		B4C6BD6A2BB64FF80095754E /* ProfileView.swift in Sources */ = {isa = PBXBuildFile; fileRef = B4C6BD692BB64FF80095754E /* ProfileView.swift */; };
		B4D49DA72BC1FE350038A0B2 /* User.swift in Sources */ = {isa = PBXBuildFile; fileRef = B4D49DA62BC1FE350038A0B2 /* User.swift */; };
		B4F796582BB8852200B59914 /* SessionToken.swift in Sources */ = {isa = PBXBuildFile; fileRef = B4F796572BB8852200B59914 /* SessionToken.swift */; };
		B4F7965A2BB885BA00B59914 /* SignInView.swift in Sources */ = {isa = PBXBuildFile; fileRef = B4F796592BB885BA00B59914 /* SignInView.swift */; };
		B4F7965C2BB885C800B59914 /* SignUpView.swift in Sources */ = {isa = PBXBuildFile; fileRef = B4F7965B2BB885C800B59914 /* SignUpView.swift */; };
		B4F7965E2BB885EE00B59914 /* SessionViewModel.swift in Sources */ = {isa = PBXBuildFile; fileRef = B4F7965D2BB885EE00B59914 /* SessionViewModel.swift */; };
/* End PBXBuildFile section */

/* Begin PBXFileReference section */
		B404072D2BA89DFA002648EC /* APIClient.swift */ = {isa = PBXFileReference; lastKnownFileType = sourcecode.swift; path = APIClient.swift; sourceTree = "<group>"; };
		B404072F2BA8A396002648EC /* RepositoryProtocol.swift */ = {isa = PBXFileReference; lastKnownFileType = sourcecode.swift; path = RepositoryProtocol.swift; sourceTree = "<group>"; };
		B40407312BA8A403002648EC /* Repository.swift */ = {isa = PBXFileReference; lastKnownFileType = sourcecode.swift; path = Repository.swift; sourceTree = "<group>"; };
		B40407342BA8A528002648EC /* APIClientProtocol.swift */ = {isa = PBXFileReference; lastKnownFileType = sourcecode.swift; path = APIClientProtocol.swift; sourceTree = "<group>"; };
		B40407362BA8A598002648EC /* WebSocketManagerProtocol.swift */ = {isa = PBXFileReference; lastKnownFileType = sourcecode.swift; path = WebSocketManagerProtocol.swift; sourceTree = "<group>"; };
		B4112FB02BBF113900369C72 /* ProfileViewModel.swift */ = {isa = PBXFileReference; lastKnownFileType = sourcecode.swift; path = ProfileViewModel.swift; sourceTree = "<group>"; };
		B418B0B22BA34D9E00A2B4E7 /* WebSocket.app */ = {isa = PBXFileReference; explicitFileType = wrapper.application; includeInIndex = 0; path = WebSocket.app; sourceTree = BUILT_PRODUCTS_DIR; };
		B418B0B52BA34D9E00A2B4E7 /* WebSocketApp.swift */ = {isa = PBXFileReference; lastKnownFileType = sourcecode.swift; path = WebSocketApp.swift; sourceTree = "<group>"; };
		B418B0B72BA34D9E00A2B4E7 /* WallView.swift */ = {isa = PBXFileReference; lastKnownFileType = sourcecode.swift; path = WallView.swift; sourceTree = "<group>"; };
		B418B0B92BA34D9F00A2B4E7 /* Assets.xcassets */ = {isa = PBXFileReference; lastKnownFileType = folder.assetcatalog; path = Assets.xcassets; sourceTree = "<group>"; };
		B418B0BC2BA34D9F00A2B4E7 /* Preview Assets.xcassets */ = {isa = PBXFileReference; lastKnownFileType = folder.assetcatalog; path = "Preview Assets.xcassets"; sourceTree = "<group>"; };
		B418B0C92BA35A7100A2B4E7 /* MessageInput.swift */ = {isa = PBXFileReference; lastKnownFileType = sourcecode.swift; path = MessageInput.swift; sourceTree = "<group>"; };
		B418B0CB2BA35CAF00A2B4E7 /* ImagePicker.swift */ = {isa = PBXFileReference; lastKnownFileType = sourcecode.swift; path = ImagePicker.swift; sourceTree = "<group>"; };
		B418B0CD2BA35D4600A2B4E7 /* MessageList.swift */ = {isa = PBXFileReference; lastKnownFileType = sourcecode.swift; path = MessageList.swift; sourceTree = "<group>"; };
		B418B0CF2BA35D7500A2B4E7 /* MessageRow.swift */ = {isa = PBXFileReference; lastKnownFileType = sourcecode.swift; path = MessageRow.swift; sourceTree = "<group>"; };
		B418B0D52BA35DD100A2B4E7 /* Message.swift */ = {isa = PBXFileReference; lastKnownFileType = sourcecode.swift; path = Message.swift; sourceTree = "<group>"; };
		B418B0DD2BA366C900A2B4E7 /* MessagesViewModelProtocol.swift */ = {isa = PBXFileReference; lastKnownFileType = sourcecode.swift; path = MessagesViewModelProtocol.swift; sourceTree = "<group>"; };
		B418B0DF2BA3674500A2B4E7 /* DummyMessagesViewModel.swift */ = {isa = PBXFileReference; lastKnownFileType = sourcecode.swift; path = DummyMessagesViewModel.swift; sourceTree = "<group>"; };
		B418B0E12BA3691200A2B4E7 /* MessagesViewModelEnviromentKey.swift */ = {isa = PBXFileReference; lastKnownFileType = sourcecode.swift; path = MessagesViewModelEnviromentKey.swift; sourceTree = "<group>"; };
		B418B0E42BA36E0700A2B4E7 /* Extension+Date.swift */ = {isa = PBXFileReference; lastKnownFileType = sourcecode.swift; path = "Extension+Date.swift"; sourceTree = "<group>"; };
		B42A49482BB897A800279E62 /* Buttons.swift */ = {isa = PBXFileReference; lastKnownFileType = sourcecode.swift; path = Buttons.swift; sourceTree = "<group>"; };
		B42E104D2BA481FE007A9A98 /* VaporMessagesViewModel.swift */ = {isa = PBXFileReference; lastKnownFileType = sourcecode.swift; path = VaporMessagesViewModel.swift; sourceTree = "<group>"; };
		B42E10512BA4B203007A9A98 /* WebSocketManager.swift */ = {isa = PBXFileReference; lastKnownFileType = sourcecode.swift; path = WebSocketManager.swift; sourceTree = "<group>"; };
		B444B86D2BA9F5190036D0DD /* SearchView.swift */ = {isa = PBXFileReference; lastKnownFileType = sourcecode.swift; path = SearchView.swift; sourceTree = "<group>"; };
		B44F332C2BA9EA5C0086F2C3 /* RouteView.swift */ = {isa = PBXFileReference; lastKnownFileType = sourcecode.swift; path = RouteView.swift; sourceTree = "<group>"; };
		B44F332E2BA9EAF00086F2C3 /* TabsView.swift */ = {isa = PBXFileReference; lastKnownFileType = sourcecode.swift; path = TabsView.swift; sourceTree = "<group>"; };
		B44F33302BA9EB900086F2C3 /* RoutingStatus.swift */ = {isa = PBXFileReference; lastKnownFileType = sourcecode.swift; path = RoutingStatus.swift; sourceTree = "<group>"; };
		B44F33352BA9EC7D0086F2C3 /* RouteViewModel.swift */ = {isa = PBXFileReference; lastKnownFileType = sourcecode.swift; path = RouteViewModel.swift; sourceTree = "<group>"; };
		B44F333A2BA9F0CF0086F2C3 /* Extension+Color.swift */ = {isa = PBXFileReference; lastKnownFileType = sourcecode.swift; path = "Extension+Color.swift"; sourceTree = "<group>"; };
		B44F333C2BA9F0E90086F2C3 /* Extension+Image.swift */ = {isa = PBXFileReference; lastKnownFileType = sourcecode.swift; path = "Extension+Image.swift"; sourceTree = "<group>"; };
		B44F333E2BA9F1130086F2C3 /* Localizable.strings */ = {isa = PBXFileReference; lastKnownFileType = text.plist.strings; path = Localizable.strings; sourceTree = "<group>"; };
		B44F33402BA9F2A20086F2C3 /* Colors.xcassets */ = {isa = PBXFileReference; lastKnownFileType = folder.assetcatalog; path = Colors.xcassets; sourceTree = "<group>"; };
		B48FA3C52BBA225B00DB0F44 /* Constants.swift */ = {isa = PBXFileReference; lastKnownFileType = sourcecode.swift; path = Constants.swift; sourceTree = "<group>"; };
		B4A2293A2BBDBB2100DC9C15 /* PhotoType.swift */ = {isa = PBXFileReference; lastKnownFileType = sourcecode.swift; path = PhotoType.swift; sourceTree = "<group>"; };
		B4ABC6252BB9F7C4005A938F /* WallViewModel.swift */ = {isa = PBXFileReference; lastKnownFileType = sourcecode.swift; path = WallViewModel.swift; sourceTree = "<group>"; };
		B4ABC62A2BBA0E81005A938F /* SplashView.swift */ = {isa = PBXFileReference; lastKnownFileType = sourcecode.swift; path = SplashView.swift; sourceTree = "<group>"; };
		B4C528092BB6264C00D056F0 /* SearchViewModel.swift */ = {isa = PBXFileReference; lastKnownFileType = sourcecode.swift; path = SearchViewModel.swift; sourceTree = "<group>"; };
		B4C6BD692BB64FF80095754E /* ProfileView.swift */ = {isa = PBXFileReference; lastKnownFileType = sourcecode.swift; path = ProfileView.swift; sourceTree = "<group>"; };
		B4D49DA62BC1FE350038A0B2 /* User.swift */ = {isa = PBXFileReference; lastKnownFileType = sourcecode.swift; path = User.swift; sourceTree = "<group>"; };
		B4F796572BB8852200B59914 /* SessionToken.swift */ = {isa = PBXFileReference; lastKnownFileType = sourcecode.swift; path = SessionToken.swift; sourceTree = "<group>"; };
		B4F796592BB885BA00B59914 /* SignInView.swift */ = {isa = PBXFileReference; lastKnownFileType = sourcecode.swift; path = SignInView.swift; sourceTree = "<group>"; };
		B4F7965B2BB885C800B59914 /* SignUpView.swift */ = {isa = PBXFileReference; lastKnownFileType = sourcecode.swift; path = SignUpView.swift; sourceTree = "<group>"; };
		B4F7965D2BB885EE00B59914 /* SessionViewModel.swift */ = {isa = PBXFileReference; lastKnownFileType = sourcecode.swift; path = SessionViewModel.swift; sourceTree = "<group>"; };
/* End PBXFileReference section */

/* Begin PBXFrameworksBuildPhase section */
		B418B0AF2BA34D9E00A2B4E7 /* Frameworks */ = {
			isa = PBXFrameworksBuildPhase;
			buildActionMask = 2147483647;
			files = (
				B418B0D92BA35E7500A2B4E7 /* Kingfisher in Frameworks */,
			);
			runOnlyForDeploymentPostprocessing = 0;
		};
/* End PBXFrameworksBuildPhase section */

/* Begin PBXGroup section */
		B40407332BA8A512002648EC /* Protocols */ = {
			isa = PBXGroup;
			children = (
				B40407342BA8A528002648EC /* APIClientProtocol.swift */,
				B40407362BA8A598002648EC /* WebSocketManagerProtocol.swift */,
			);
			path = Protocols;
			sourceTree = "<group>";
		};
		B418B0A92BA34D9E00A2B4E7 = {
			isa = PBXGroup;
			children = (
				B418B0B42BA34D9E00A2B4E7 /* WebSocket */,
				B418B0B32BA34D9E00A2B4E7 /* Products */,
			);
			sourceTree = "<group>";
		};
		B418B0B32BA34D9E00A2B4E7 /* Products */ = {
			isa = PBXGroup;
			children = (
				B418B0B22BA34D9E00A2B4E7 /* WebSocket.app */,
			);
			name = Products;
			sourceTree = "<group>";
		};
		B418B0B42BA34D9E00A2B4E7 /* WebSocket */ = {
			isa = PBXGroup;
			children = (
				B418B0C72BA359B500A2B4E7 /* App */,
				B44F33392BA9F04E0086F2C3 /* Resources */,
				B42E104F2BA4B1E2007A9A98 /* Data */,
				B418B0D12BA35D9C00A2B4E7 /* Domain */,
				B418B0C52BA358E900A2B4E7 /* Presentation */,
				B418B0DA2BA3662A00A2B4E7 /* Environment */,
				B418B0BB2BA34D9F00A2B4E7 /* Preview Content */,
			);
			path = WebSocket;
			sourceTree = "<group>";
		};
		B418B0BB2BA34D9F00A2B4E7 /* Preview Content */ = {
			isa = PBXGroup;
			children = (
				B418B0BC2BA34D9F00A2B4E7 /* Preview Assets.xcassets */,
			);
			path = "Preview Content";
			sourceTree = "<group>";
		};
		B418B0C52BA358E900A2B4E7 /* Presentation */ = {
			isa = PBXGroup;
			children = (
				B42A49472BB8979800279E62 /* AuxiliarViews */,
				B44F332B2BA9EA340086F2C3 /* Routing */,
				B4ABC6272BBA0DDD005A938F /* Splash */,
				B4C6BD632BB648460095754E /* Authentication */,
				B44F332A2BA9E9EE0086F2C3 /* Core */,
			);
			path = Presentation;
			sourceTree = "<group>";
		};
		B418B0C62BA358FC00A2B4E7 /* Wall */ = {
			isa = PBXGroup;
			children = (
				B418B0C82BA35A3100A2B4E7 /* Items */,
				B418B0B72BA34D9E00A2B4E7 /* WallView.swift */,
				B4ABC6252BB9F7C4005A938F /* WallViewModel.swift */,
			);
			path = Wall;
			sourceTree = "<group>";
		};
		B418B0C72BA359B500A2B4E7 /* App */ = {
			isa = PBXGroup;
			children = (
				B418B0B52BA34D9E00A2B4E7 /* WebSocketApp.swift */,
			);
			path = App;
			sourceTree = "<group>";
		};
		B418B0C82BA35A3100A2B4E7 /* Items */ = {
			isa = PBXGroup;
			children = (
				B418B0CB2BA35CAF00A2B4E7 /* ImagePicker.swift */,
				B418B0C92BA35A7100A2B4E7 /* MessageInput.swift */,
				B418B0CD2BA35D4600A2B4E7 /* MessageList.swift */,
				B418B0CF2BA35D7500A2B4E7 /* MessageRow.swift */,
			);
			path = Items;
			sourceTree = "<group>";
		};
		B418B0D12BA35D9C00A2B4E7 /* Domain */ = {
			isa = PBXGroup;
			children = (
				B40407332BA8A512002648EC /* Protocols */,
				B418B0E32BA36DF900A2B4E7 /* Extensions */,
				B418B0D22BA35DA900A2B4E7 /* Models */,
				B404072F2BA8A396002648EC /* RepositoryProtocol.swift */,
			);
			path = Domain;
			sourceTree = "<group>";
		};
		B418B0D22BA35DA900A2B4E7 /* Models */ = {
			isa = PBXGroup;
			children = (
				B418B0D52BA35DD100A2B4E7 /* Message.swift */,
				B4F796572BB8852200B59914 /* SessionToken.swift */,
				B4A2293A2BBDBB2100DC9C15 /* PhotoType.swift */,
				B4D49DA62BC1FE350038A0B2 /* User.swift */,
			);
			path = Models;
			sourceTree = "<group>";
		};
		B418B0DA2BA3662A00A2B4E7 /* Environment */ = {
			isa = PBXGroup;
			children = (
				B48FA3C52BBA225B00DB0F44 /* Constants.swift */,
				B44F33292BA9E9AA0086F2C3 /* Key */,
				B42E104C2BA481BC007A9A98 /* ViewModels */,
			);
			path = Environment;
			sourceTree = "<group>";
		};
		B418B0DC2BA366B100A2B4E7 /* Messages */ = {
			isa = PBXGroup;
			children = (
				B418B0DD2BA366C900A2B4E7 /* MessagesViewModelProtocol.swift */,
				B418B0DF2BA3674500A2B4E7 /* DummyMessagesViewModel.swift */,
				B42E104D2BA481FE007A9A98 /* VaporMessagesViewModel.swift */,
			);
			path = Messages;
			sourceTree = "<group>";
		};
		B418B0E32BA36DF900A2B4E7 /* Extensions */ = {
			isa = PBXGroup;
			children = (
				B418B0E42BA36E0700A2B4E7 /* Extension+Date.swift */,
				B44F333A2BA9F0CF0086F2C3 /* Extension+Color.swift */,
				B44F333C2BA9F0E90086F2C3 /* Extension+Image.swift */,
			);
			path = Extensions;
			sourceTree = "<group>";
		};
		B42A49472BB8979800279E62 /* AuxiliarViews */ = {
			isa = PBXGroup;
			children = (
				B42A49482BB897A800279E62 /* Buttons.swift */,
			);
			path = AuxiliarViews;
			sourceTree = "<group>";
		};
		B42E104C2BA481BC007A9A98 /* ViewModels */ = {
			isa = PBXGroup;
			children = (
				B418B0DC2BA366B100A2B4E7 /* Messages */,
			);
			path = ViewModels;
			sourceTree = "<group>";
		};
		B42E104F2BA4B1E2007A9A98 /* Data */ = {
			isa = PBXGroup;
			children = (
				B42E10502BA4B1F0007A9A98 /* Network */,
				B40407312BA8A403002648EC /* Repository.swift */,
			);
			path = Data;
			sourceTree = "<group>";
		};
		B42E10502BA4B1F0007A9A98 /* Network */ = {
			isa = PBXGroup;
			children = (
				B42E10512BA4B203007A9A98 /* WebSocketManager.swift */,
				B404072D2BA89DFA002648EC /* APIClient.swift */,
			);
			path = Network;
			sourceTree = "<group>";
		};
		B444B86B2BA9F4F80036D0DD /* Search */ = {
			isa = PBXGroup;
			children = (
				B444B86D2BA9F5190036D0DD /* SearchView.swift */,
				B4C528092BB6264C00D056F0 /* SearchViewModel.swift */,
			);
			path = Search;
			sourceTree = "<group>";
		};
		B44F33292BA9E9AA0086F2C3 /* Key */ = {
			isa = PBXGroup;
			children = (
				B418B0E12BA3691200A2B4E7 /* MessagesViewModelEnviromentKey.swift */,
			);
			path = Key;
			sourceTree = "<group>";
		};
		B44F332A2BA9E9EE0086F2C3 /* Core */ = {
			isa = PBXGroup;
			children = (
				B418B0C62BA358FC00A2B4E7 /* Wall */,
				B444B86B2BA9F4F80036D0DD /* Search */,
				B4C6BD682BB64FD60095754E /* Profile */,
			);
			path = Core;
			sourceTree = "<group>";
		};
		B44F332B2BA9EA340086F2C3 /* Routing */ = {
			isa = PBXGroup;
			children = (
				B44F332C2BA9EA5C0086F2C3 /* RouteView.swift */,
				B44F332E2BA9EAF00086F2C3 /* TabsView.swift */,
				B44F33352BA9EC7D0086F2C3 /* RouteViewModel.swift */,
				B44F33302BA9EB900086F2C3 /* RoutingStatus.swift */,
			);
			path = Routing;
			sourceTree = "<group>";
		};
		B44F33392BA9F04E0086F2C3 /* Resources */ = {
			isa = PBXGroup;
			children = (
				B418B0B92BA34D9F00A2B4E7 /* Assets.xcassets */,
				B44F33402BA9F2A20086F2C3 /* Colors.xcassets */,
				B44F333E2BA9F1130086F2C3 /* Localizable.strings */,
			);
			path = Resources;
			sourceTree = "<group>";
		};
		B4ABC6272BBA0DDD005A938F /* Splash */ = {
			isa = PBXGroup;
			children = (
				B4ABC62A2BBA0E81005A938F /* SplashView.swift */,
			);
			path = Splash;
			sourceTree = "<group>";
		};
		B4C6BD632BB648460095754E /* Authentication */ = {
			isa = PBXGroup;
			children = (
				B4F796592BB885BA00B59914 /* SignInView.swift */,
				B4F7965B2BB885C800B59914 /* SignUpView.swift */,
				B4F7965D2BB885EE00B59914 /* SessionViewModel.swift */,
			);
			path = Authentication;
			sourceTree = "<group>";
		};
		B4C6BD682BB64FD60095754E /* Profile */ = {
			isa = PBXGroup;
			children = (
				B4C6BD692BB64FF80095754E /* ProfileView.swift */,
				B4112FB02BBF113900369C72 /* ProfileViewModel.swift */,
			);
			path = Profile;
			sourceTree = "<group>";
		};
/* End PBXGroup section */

/* Begin PBXNativeTarget section */
		B418B0B12BA34D9E00A2B4E7 /* WebSocket */ = {
			isa = PBXNativeTarget;
			buildConfigurationList = B418B0C02BA34D9F00A2B4E7 /* Build configuration list for PBXNativeTarget "WebSocket" */;
			buildPhases = (
				B418B0AE2BA34D9E00A2B4E7 /* Sources */,
				B418B0AF2BA34D9E00A2B4E7 /* Frameworks */,
				B418B0B02BA34D9E00A2B4E7 /* Resources */,
			);
			buildRules = (
			);
			dependencies = (
			);
			name = WebSocket;
			packageProductDependencies = (
				B418B0D82BA35E7500A2B4E7 /* Kingfisher */,
			);
			productName = WebSocket;
			productReference = B418B0B22BA34D9E00A2B4E7 /* WebSocket.app */;
			productType = "com.apple.product-type.application";
		};
/* End PBXNativeTarget section */

/* Begin PBXProject section */
		B418B0AA2BA34D9E00A2B4E7 /* Project object */ = {
			isa = PBXProject;
			attributes = {
				BuildIndependentTargetsInParallel = 1;
				LastSwiftUpdateCheck = 1430;
				LastUpgradeCheck = 1430;
				TargetAttributes = {
					B418B0B12BA34D9E00A2B4E7 = {
						CreatedOnToolsVersion = 14.3.1;
					};
				};
			};
			buildConfigurationList = B418B0AD2BA34D9E00A2B4E7 /* Build configuration list for PBXProject "WebSocket" */;
			compatibilityVersion = "Xcode 14.0";
			developmentRegion = en;
			hasScannedForEncodings = 0;
			knownRegions = (
				en,
				Base,
			);
			mainGroup = B418B0A92BA34D9E00A2B4E7;
			packageReferences = (
				B418B0D72BA35E7500A2B4E7 /* XCRemoteSwiftPackageReference "Kingfisher" */,
			);
			productRefGroup = B418B0B32BA34D9E00A2B4E7 /* Products */;
			projectDirPath = "";
			projectRoot = "";
			targets = (
				B418B0B12BA34D9E00A2B4E7 /* WebSocket */,
			);
		};
/* End PBXProject section */

/* Begin PBXResourcesBuildPhase section */
		B418B0B02BA34D9E00A2B4E7 /* Resources */ = {
			isa = PBXResourcesBuildPhase;
			buildActionMask = 2147483647;
			files = (
				B418B0BD2BA34D9F00A2B4E7 /* Preview Assets.xcassets in Resources */,
				B44F33412BA9F2A20086F2C3 /* Colors.xcassets in Resources */,
				B44F333F2BA9F1130086F2C3 /* Localizable.strings in Resources */,
				B418B0BA2BA34D9F00A2B4E7 /* Assets.xcassets in Resources */,
			);
			runOnlyForDeploymentPostprocessing = 0;
		};
/* End PBXResourcesBuildPhase section */

/* Begin PBXSourcesBuildPhase section */
		B418B0AE2BA34D9E00A2B4E7 /* Sources */ = {
			isa = PBXSourcesBuildPhase;
			buildActionMask = 2147483647;
			files = (
				B418B0CA2BA35A7100A2B4E7 /* MessageInput.swift in Sources */,
				B4F7965E2BB885EE00B59914 /* SessionViewModel.swift in Sources */,
				B4ABC6262BB9F7C4005A938F /* WallViewModel.swift in Sources */,
				B40407372BA8A598002648EC /* WebSocketManagerProtocol.swift in Sources */,
				B42A49492BB897A800279E62 /* Buttons.swift in Sources */,
				B418B0E22BA3691200A2B4E7 /* MessagesViewModelEnviromentKey.swift in Sources */,
				B4A2293B2BBDBB2100DC9C15 /* PhotoType.swift in Sources */,
				B4F796582BB8852200B59914 /* SessionToken.swift in Sources */,
				B418B0DE2BA366C900A2B4E7 /* MessagesViewModelProtocol.swift in Sources */,
				B4C5280A2BB6264C00D056F0 /* SearchViewModel.swift in Sources */,
				B418B0CC2BA35CAF00A2B4E7 /* ImagePicker.swift in Sources */,
				B40407302BA8A396002648EC /* RepositoryProtocol.swift in Sources */,
				B44F333B2BA9F0CF0086F2C3 /* Extension+Color.swift in Sources */,
				B444B86E2BA9F5190036D0DD /* SearchView.swift in Sources */,
				B42E104E2BA481FE007A9A98 /* VaporMessagesViewModel.swift in Sources */,
				B418B0D62BA35DD100A2B4E7 /* Message.swift in Sources */,
				B418B0B82BA34D9E00A2B4E7 /* WallView.swift in Sources */,
				B4C6BD6A2BB64FF80095754E /* ProfileView.swift in Sources */,
				B4D49DA72BC1FE350038A0B2 /* User.swift in Sources */,
				B404072E2BA89DFA002648EC /* APIClient.swift in Sources */,
				B418B0D02BA35D7500A2B4E7 /* MessageRow.swift in Sources */,
				B4F7965C2BB885C800B59914 /* SignUpView.swift in Sources */,
				B40407352BA8A528002648EC /* APIClientProtocol.swift in Sources */,
				B418B0B62BA34D9E00A2B4E7 /* WebSocketApp.swift in Sources */,
				B40407322BA8A403002648EC /* Repository.swift in Sources */,
				B44F332F2BA9EAF00086F2C3 /* TabsView.swift in Sources */,
				B42E10522BA4B203007A9A98 /* WebSocketManager.swift in Sources */,
				B4112FB12BBF113900369C72 /* ProfileViewModel.swift in Sources */,
				B48FA3C62BBA225B00DB0F44 /* Constants.swift in Sources */,
				B44F33362BA9EC7D0086F2C3 /* RouteViewModel.swift in Sources */,
				B4ABC62B2BBA0E81005A938F /* SplashView.swift in Sources */,
				B44F333D2BA9F0E90086F2C3 /* Extension+Image.swift in Sources */,
				B4F7965A2BB885BA00B59914 /* SignInView.swift in Sources */,
				B44F332D2BA9EA5C0086F2C3 /* RouteView.swift in Sources */,
				B44F33312BA9EB900086F2C3 /* RoutingStatus.swift in Sources */,
				B418B0CE2BA35D4700A2B4E7 /* MessageList.swift in Sources */,
				B418B0E02BA3674500A2B4E7 /* DummyMessagesViewModel.swift in Sources */,
				B418B0E52BA36E0700A2B4E7 /* Extension+Date.swift in Sources */,
			);
			runOnlyForDeploymentPostprocessing = 0;
		};
/* End PBXSourcesBuildPhase section */

/* Begin XCBuildConfiguration section */
		B418B0BE2BA34D9F00A2B4E7 /* Debug */ = {
			isa = XCBuildConfiguration;
			buildSettings = {
				ALWAYS_SEARCH_USER_PATHS = NO;
				CLANG_ANALYZER_NONNULL = YES;
				CLANG_ANALYZER_NUMBER_OBJECT_CONVERSION = YES_AGGRESSIVE;
				CLANG_CXX_LANGUAGE_STANDARD = "gnu++20";
				CLANG_ENABLE_MODULES = YES;
				CLANG_ENABLE_OBJC_ARC = YES;
				CLANG_ENABLE_OBJC_WEAK = YES;
				CLANG_WARN_BLOCK_CAPTURE_AUTORELEASING = YES;
				CLANG_WARN_BOOL_CONVERSION = YES;
				CLANG_WARN_COMMA = YES;
				CLANG_WARN_CONSTANT_CONVERSION = YES;
				CLANG_WARN_DEPRECATED_OBJC_IMPLEMENTATIONS = YES;
				CLANG_WARN_DIRECT_OBJC_ISA_USAGE = YES_ERROR;
				CLANG_WARN_DOCUMENTATION_COMMENTS = YES;
				CLANG_WARN_EMPTY_BODY = YES;
				CLANG_WARN_ENUM_CONVERSION = YES;
				CLANG_WARN_INFINITE_RECURSION = YES;
				CLANG_WARN_INT_CONVERSION = YES;
				CLANG_WARN_NON_LITERAL_NULL_CONVERSION = YES;
				CLANG_WARN_OBJC_IMPLICIT_RETAIN_SELF = YES;
				CLANG_WARN_OBJC_LITERAL_CONVERSION = YES;
				CLANG_WARN_OBJC_ROOT_CLASS = YES_ERROR;
				CLANG_WARN_QUOTED_INCLUDE_IN_FRAMEWORK_HEADER = YES;
				CLANG_WARN_RANGE_LOOP_ANALYSIS = YES;
				CLANG_WARN_STRICT_PROTOTYPES = YES;
				CLANG_WARN_SUSPICIOUS_MOVE = YES;
				CLANG_WARN_UNGUARDED_AVAILABILITY = YES_AGGRESSIVE;
				CLANG_WARN_UNREACHABLE_CODE = YES;
				CLANG_WARN__DUPLICATE_METHOD_MATCH = YES;
				COPY_PHASE_STRIP = NO;
				DEBUG_INFORMATION_FORMAT = dwarf;
				ENABLE_STRICT_OBJC_MSGSEND = YES;
				ENABLE_TESTABILITY = YES;
				GCC_C_LANGUAGE_STANDARD = gnu11;
				GCC_DYNAMIC_NO_PIC = NO;
				GCC_NO_COMMON_BLOCKS = YES;
				GCC_OPTIMIZATION_LEVEL = 0;
				GCC_PREPROCESSOR_DEFINITIONS = (
					"DEBUG=1",
					"$(inherited)",
				);
				GCC_WARN_64_TO_32_BIT_CONVERSION = YES;
				GCC_WARN_ABOUT_RETURN_TYPE = YES_ERROR;
				GCC_WARN_UNDECLARED_SELECTOR = YES;
				GCC_WARN_UNINITIALIZED_AUTOS = YES_AGGRESSIVE;
				GCC_WARN_UNUSED_FUNCTION = YES;
				GCC_WARN_UNUSED_VARIABLE = YES;
				IPHONEOS_DEPLOYMENT_TARGET = 16.4;
				MTL_ENABLE_DEBUG_INFO = INCLUDE_SOURCE;
				MTL_FAST_MATH = YES;
				ONLY_ACTIVE_ARCH = YES;
				SDKROOT = iphoneos;
				SWIFT_ACTIVE_COMPILATION_CONDITIONS = DEBUG;
				SWIFT_OPTIMIZATION_LEVEL = "-Onone";
			};
			name = Debug;
		};
		B418B0BF2BA34D9F00A2B4E7 /* Release */ = {
			isa = XCBuildConfiguration;
			buildSettings = {
				ALWAYS_SEARCH_USER_PATHS = NO;
				CLANG_ANALYZER_NONNULL = YES;
				CLANG_ANALYZER_NUMBER_OBJECT_CONVERSION = YES_AGGRESSIVE;
				CLANG_CXX_LANGUAGE_STANDARD = "gnu++20";
				CLANG_ENABLE_MODULES = YES;
				CLANG_ENABLE_OBJC_ARC = YES;
				CLANG_ENABLE_OBJC_WEAK = YES;
				CLANG_WARN_BLOCK_CAPTURE_AUTORELEASING = YES;
				CLANG_WARN_BOOL_CONVERSION = YES;
				CLANG_WARN_COMMA = YES;
				CLANG_WARN_CONSTANT_CONVERSION = YES;
				CLANG_WARN_DEPRECATED_OBJC_IMPLEMENTATIONS = YES;
				CLANG_WARN_DIRECT_OBJC_ISA_USAGE = YES_ERROR;
				CLANG_WARN_DOCUMENTATION_COMMENTS = YES;
				CLANG_WARN_EMPTY_BODY = YES;
				CLANG_WARN_ENUM_CONVERSION = YES;
				CLANG_WARN_INFINITE_RECURSION = YES;
				CLANG_WARN_INT_CONVERSION = YES;
				CLANG_WARN_NON_LITERAL_NULL_CONVERSION = YES;
				CLANG_WARN_OBJC_IMPLICIT_RETAIN_SELF = YES;
				CLANG_WARN_OBJC_LITERAL_CONVERSION = YES;
				CLANG_WARN_OBJC_ROOT_CLASS = YES_ERROR;
				CLANG_WARN_QUOTED_INCLUDE_IN_FRAMEWORK_HEADER = YES;
				CLANG_WARN_RANGE_LOOP_ANALYSIS = YES;
				CLANG_WARN_STRICT_PROTOTYPES = YES;
				CLANG_WARN_SUSPICIOUS_MOVE = YES;
				CLANG_WARN_UNGUARDED_AVAILABILITY = YES_AGGRESSIVE;
				CLANG_WARN_UNREACHABLE_CODE = YES;
				CLANG_WARN__DUPLICATE_METHOD_MATCH = YES;
				COPY_PHASE_STRIP = NO;
				DEBUG_INFORMATION_FORMAT = "dwarf-with-dsym";
				ENABLE_NS_ASSERTIONS = NO;
				ENABLE_STRICT_OBJC_MSGSEND = YES;
				GCC_C_LANGUAGE_STANDARD = gnu11;
				GCC_NO_COMMON_BLOCKS = YES;
				GCC_WARN_64_TO_32_BIT_CONVERSION = YES;
				GCC_WARN_ABOUT_RETURN_TYPE = YES_ERROR;
				GCC_WARN_UNDECLARED_SELECTOR = YES;
				GCC_WARN_UNINITIALIZED_AUTOS = YES_AGGRESSIVE;
				GCC_WARN_UNUSED_FUNCTION = YES;
				GCC_WARN_UNUSED_VARIABLE = YES;
				IPHONEOS_DEPLOYMENT_TARGET = 16.4;
				MTL_ENABLE_DEBUG_INFO = NO;
				MTL_FAST_MATH = YES;
				SDKROOT = iphoneos;
				SWIFT_COMPILATION_MODE = wholemodule;
				SWIFT_OPTIMIZATION_LEVEL = "-O";
				VALIDATE_PRODUCT = YES;
			};
			name = Release;
		};
		B418B0C12BA34D9F00A2B4E7 /* Debug */ = {
			isa = XCBuildConfiguration;
			buildSettings = {
				ASSETCATALOG_COMPILER_APPICON_NAME = AppIcon;
				ASSETCATALOG_COMPILER_GLOBAL_ACCENT_COLOR_NAME = AccentColor;
				CODE_SIGN_STYLE = Automatic;
				CURRENT_PROJECT_VERSION = 1;
				DEVELOPMENT_ASSET_PATHS = "\"WebSocket/Preview Content\"";
				DEVELOPMENT_TEAM = 9THYRJN444;
				ENABLE_PREVIEWS = YES;
				GENERATE_INFOPLIST_FILE = YES;
				INFOPLIST_KEY_UIApplicationSceneManifest_Generation = YES;
				INFOPLIST_KEY_UIApplicationSupportsIndirectInputEvents = YES;
				INFOPLIST_KEY_UILaunchScreen_Generation = YES;
				INFOPLIST_KEY_UISupportedInterfaceOrientations_iPad = "UIInterfaceOrientationPortrait UIInterfaceOrientationPortraitUpsideDown UIInterfaceOrientationLandscapeLeft UIInterfaceOrientationLandscapeRight";
				INFOPLIST_KEY_UISupportedInterfaceOrientations_iPhone = "UIInterfaceOrientationPortrait UIInterfaceOrientationLandscapeLeft UIInterfaceOrientationLandscapeRight";
				LD_RUNPATH_SEARCH_PATHS = (
					"$(inherited)",
					"@executable_path/Frameworks",
				);
				MARKETING_VERSION = 1.0;
				PRODUCT_BUNDLE_IDENTIFIER = com.salvamoreno.WebSocket;
				PRODUCT_NAME = "$(TARGET_NAME)";
				SWIFT_EMIT_LOC_STRINGS = YES;
				SWIFT_VERSION = 5.0;
				TARGETED_DEVICE_FAMILY = "1,2";
			};
			name = Debug;
		};
		B418B0C22BA34D9F00A2B4E7 /* Release */ = {
			isa = XCBuildConfiguration;
			buildSettings = {
				ASSETCATALOG_COMPILER_APPICON_NAME = AppIcon;
				ASSETCATALOG_COMPILER_GLOBAL_ACCENT_COLOR_NAME = AccentColor;
				CODE_SIGN_STYLE = Automatic;
				CURRENT_PROJECT_VERSION = 1;
				DEVELOPMENT_ASSET_PATHS = "\"WebSocket/Preview Content\"";
				DEVELOPMENT_TEAM = 9THYRJN444;
				ENABLE_PREVIEWS = YES;
				GENERATE_INFOPLIST_FILE = YES;
				INFOPLIST_KEY_UIApplicationSceneManifest_Generation = YES;
				INFOPLIST_KEY_UIApplicationSupportsIndirectInputEvents = YES;
				INFOPLIST_KEY_UILaunchScreen_Generation = YES;
				INFOPLIST_KEY_UISupportedInterfaceOrientations_iPad = "UIInterfaceOrientationPortrait UIInterfaceOrientationPortraitUpsideDown UIInterfaceOrientationLandscapeLeft UIInterfaceOrientationLandscapeRight";
				INFOPLIST_KEY_UISupportedInterfaceOrientations_iPhone = "UIInterfaceOrientationPortrait UIInterfaceOrientationLandscapeLeft UIInterfaceOrientationLandscapeRight";
				LD_RUNPATH_SEARCH_PATHS = (
					"$(inherited)",
					"@executable_path/Frameworks",
				);
				MARKETING_VERSION = 1.0;
				PRODUCT_BUNDLE_IDENTIFIER = com.salvamoreno.WebSocket;
				PRODUCT_NAME = "$(TARGET_NAME)";
				SWIFT_EMIT_LOC_STRINGS = YES;
				SWIFT_VERSION = 5.0;
				TARGETED_DEVICE_FAMILY = "1,2";
			};
			name = Release;
		};
/* End XCBuildConfiguration section */

/* Begin XCConfigurationList section */
		B418B0AD2BA34D9E00A2B4E7 /* Build configuration list for PBXProject "WebSocket" */ = {
			isa = XCConfigurationList;
			buildConfigurations = (
				B418B0BE2BA34D9F00A2B4E7 /* Debug */,
				B418B0BF2BA34D9F00A2B4E7 /* Release */,
			);
			defaultConfigurationIsVisible = 0;
			defaultConfigurationName = Release;
		};
		B418B0C02BA34D9F00A2B4E7 /* Build configuration list for PBXNativeTarget "WebSocket" */ = {
			isa = XCConfigurationList;
			buildConfigurations = (
				B418B0C12BA34D9F00A2B4E7 /* Debug */,
				B418B0C22BA34D9F00A2B4E7 /* Release */,
			);
			defaultConfigurationIsVisible = 0;
			defaultConfigurationName = Release;
		};
/* End XCConfigurationList section */

/* Begin XCRemoteSwiftPackageReference section */
		B418B0D72BA35E7500A2B4E7 /* XCRemoteSwiftPackageReference "Kingfisher" */ = {
			isa = XCRemoteSwiftPackageReference;
			repositoryURL = "https://github.com/onevcat/Kingfisher.git";
			requirement = {
				kind = upToNextMajorVersion;
				minimumVersion = 7.0.0;
			};
		};
/* End XCRemoteSwiftPackageReference section */

/* Begin XCSwiftPackageProductDependency section */
		B418B0D82BA35E7500A2B4E7 /* Kingfisher */ = {
			isa = XCSwiftPackageProductDependency;
			package = B418B0D72BA35E7500A2B4E7 /* XCRemoteSwiftPackageReference "Kingfisher" */;
			productName = Kingfisher;
		};
/* End XCSwiftPackageProductDependency section */
	};
	rootObject = B418B0AA2BA34D9E00A2B4E7 /* Project object */;
}
